// !$*UTF8*$!
{
	archiveVersion = 1;
	classes = {
	};
	objectVersion = 55;
	objects = {

/* Begin PBXBuildFile section */
		BC5F4AA827CBBD5400E82425 /* MapViewController.swift in Sources */ = {isa = PBXBuildFile; fileRef = BC5F4AA727CBBD5400E82425 /* MapViewController.swift */; };
		BC5F4AAA27CBBD8200E82425 /* NetworkManager.swift in Sources */ = {isa = PBXBuildFile; fileRef = BC5F4AA927CBBD8200E82425 /* NetworkManager.swift */; };
		BC5F4AAC27CBC72F00E82425 /* ListViewController.swift in Sources */ = {isa = PBXBuildFile; fileRef = BC5F4AAB27CBC72F00E82425 /* ListViewController.swift */; };
		BC5F4AAE27CBCE1200E82425 /* UIViewController + Ext.swift in Sources */ = {isa = PBXBuildFile; fileRef = BC5F4AAD27CBCE1200E82425 /* UIViewController + Ext.swift */; };
		BC69EBB827C4FD07006D85DD /* AppDelegate.swift in Sources */ = {isa = PBXBuildFile; fileRef = BC69EBB727C4FD07006D85DD /* AppDelegate.swift */; };
		BC69EBBA27C4FD07006D85DD /* SceneDelegate.swift in Sources */ = {isa = PBXBuildFile; fileRef = BC69EBB927C4FD07006D85DD /* SceneDelegate.swift */; };
		BC69EBBC27C4FD07006D85DD /* MainViewController.swift in Sources */ = {isa = PBXBuildFile; fileRef = BC69EBBB27C4FD07006D85DD /* MainViewController.swift */; };
		BC69EBC127C4FD09006D85DD /* Assets.xcassets in Resources */ = {isa = PBXBuildFile; fileRef = BC69EBC027C4FD09006D85DD /* Assets.xcassets */; };
		BC69EBC427C4FD09006D85DD /* LaunchScreen.storyboard in Resources */ = {isa = PBXBuildFile; fileRef = BC69EBC227C4FD09006D85DD /* LaunchScreen.storyboard */; };
		BC70CBD927DF3B110003CEC4 /* Constants.swift in Sources */ = {isa = PBXBuildFile; fileRef = BC70CBD827DF3B110003CEC4 /* Constants.swift */; };
		BC70CBDF27DF44CB0003CEC4 /* ATMModel.swift in Sources */ = {isa = PBXBuildFile; fileRef = BC70CBDE27DF44CB0003CEC4 /* ATMModel.swift */; };
		BC70CBE227DF45480003CEC4 /* Service.swift in Sources */ = {isa = PBXBuildFile; fileRef = BC70CBE127DF45480003CEC4 /* Service.swift */; };
		BC70CBE427DF455C0003CEC4 /* Address.swift in Sources */ = {isa = PBXBuildFile; fileRef = BC70CBE327DF455C0003CEC4 /* Address.swift */; };
		BC70CBE627DF46160003CEC4 /* Map.swift in Sources */ = {isa = PBXBuildFile; fileRef = BC70CBE527DF46160003CEC4 /* Map.swift */; };
		BC70CBE827DF46480003CEC4 /* Time.swift in Sources */ = {isa = PBXBuildFile; fileRef = BC70CBE727DF46480003CEC4 /* Time.swift */; };
		BC70CBEA27DF4C5F0003CEC4 /* HTTPModel.swift in Sources */ = {isa = PBXBuildFile; fileRef = BC70CBE927DF4C5F0003CEC4 /* HTTPModel.swift */; };
		BC70CBF427DF71830003CEC4 /* MapView.swift in Sources */ = {isa = PBXBuildFile; fileRef = BC70CBF327DF71830003CEC4 /* MapView.swift */; };
		BC70CBF627DF71F10003CEC4 /* AvailabilityView.swift in Sources */ = {isa = PBXBuildFile; fileRef = BC70CBF527DF71F10003CEC4 /* AvailabilityView.swift */; };
		BC70CBF827DF87780003CEC4 /* ListCollectionViewCell.swift in Sources */ = {isa = PBXBuildFile; fileRef = BC70CBF727DF87780003CEC4 /* ListCollectionViewCell.swift */; };
		BC70CBFA27DF887D0003CEC4 /* SectionReusableView.swift in Sources */ = {isa = PBXBuildFile; fileRef = BC70CBF927DF887D0003CEC4 /* SectionReusableView.swift */; };
		BCED481127E147380095C595 /* Dictionary + Ext.swift in Sources */ = {isa = PBXBuildFile; fileRef = BCED481027E147380095C595 /* Dictionary + Ext.swift */; };
		BCED481327E148E30095C595 /* Strings.swift in Sources */ = {isa = PBXBuildFile; fileRef = BCED481227E148E30095C595 /* Strings.swift */; };
		E18108920768AA2DDA77B8FD /* Pods_Task4.framework in Frameworks */ = {isa = PBXBuildFile; fileRef = 65E19019E5D0DB8FB342C934 /* Pods_Task4.framework */; };
/* End PBXBuildFile section */

/* Begin PBXFileReference section */
		65E19019E5D0DB8FB342C934 /* Pods_Task4.framework */ = {isa = PBXFileReference; explicitFileType = wrapper.framework; includeInIndex = 0; path = Pods_Task4.framework; sourceTree = BUILT_PRODUCTS_DIR; };
		9CA093AA9384F4B4514F05B6 /* Pods-Task4.debug.xcconfig */ = {isa = PBXFileReference; includeInIndex = 1; lastKnownFileType = text.xcconfig; name = "Pods-Task4.debug.xcconfig"; path = "Target Support Files/Pods-Task4/Pods-Task4.debug.xcconfig"; sourceTree = "<group>"; };
		BC5F4AA727CBBD5400E82425 /* MapViewController.swift */ = {isa = PBXFileReference; lastKnownFileType = sourcecode.swift; path = MapViewController.swift; sourceTree = "<group>"; };
		BC5F4AA927CBBD8200E82425 /* NetworkManager.swift */ = {isa = PBXFileReference; lastKnownFileType = sourcecode.swift; path = NetworkManager.swift; sourceTree = "<group>"; };
		BC5F4AAB27CBC72F00E82425 /* ListViewController.swift */ = {isa = PBXFileReference; lastKnownFileType = sourcecode.swift; path = ListViewController.swift; sourceTree = "<group>"; };
		BC5F4AAD27CBCE1200E82425 /* UIViewController + Ext.swift */ = {isa = PBXFileReference; lastKnownFileType = sourcecode.swift; path = "UIViewController + Ext.swift"; sourceTree = "<group>"; };
		BC69EBB427C4FD07006D85DD /* Task4.app */ = {isa = PBXFileReference; explicitFileType = wrapper.application; includeInIndex = 0; path = Task4.app; sourceTree = BUILT_PRODUCTS_DIR; };
		BC69EBB727C4FD07006D85DD /* AppDelegate.swift */ = {isa = PBXFileReference; lastKnownFileType = sourcecode.swift; path = AppDelegate.swift; sourceTree = "<group>"; };
		BC69EBB927C4FD07006D85DD /* SceneDelegate.swift */ = {isa = PBXFileReference; lastKnownFileType = sourcecode.swift; path = SceneDelegate.swift; sourceTree = "<group>"; };
		BC69EBBB27C4FD07006D85DD /* MainViewController.swift */ = {isa = PBXFileReference; lastKnownFileType = sourcecode.swift; path = MainViewController.swift; sourceTree = "<group>"; };
		BC69EBC027C4FD09006D85DD /* Assets.xcassets */ = {isa = PBXFileReference; lastKnownFileType = folder.assetcatalog; path = Assets.xcassets; sourceTree = "<group>"; };
		BC69EBC327C4FD09006D85DD /* Base */ = {isa = PBXFileReference; lastKnownFileType = file.storyboard; name = Base; path = Base.lproj/LaunchScreen.storyboard; sourceTree = "<group>"; };
		BC69EBC527C4FD09006D85DD /* Info.plist */ = {isa = PBXFileReference; lastKnownFileType = text.plist.xml; path = Info.plist; sourceTree = "<group>"; };
		BC70CBD827DF3B110003CEC4 /* Constants.swift */ = {isa = PBXFileReference; lastKnownFileType = sourcecode.swift; path = Constants.swift; sourceTree = "<group>"; };
		BC70CBDE27DF44CB0003CEC4 /* ATMModel.swift */ = {isa = PBXFileReference; lastKnownFileType = sourcecode.swift; path = ATMModel.swift; sourceTree = "<group>"; };
		BC70CBE127DF45480003CEC4 /* Service.swift */ = {isa = PBXFileReference; lastKnownFileType = sourcecode.swift; path = Service.swift; sourceTree = "<group>"; };
		BC70CBE327DF455C0003CEC4 /* Address.swift */ = {isa = PBXFileReference; lastKnownFileType = sourcecode.swift; path = Address.swift; sourceTree = "<group>"; };
		BC70CBE527DF46160003CEC4 /* Map.swift */ = {isa = PBXFileReference; lastKnownFileType = sourcecode.swift; path = Map.swift; sourceTree = "<group>"; };
		BC70CBE727DF46480003CEC4 /* Time.swift */ = {isa = PBXFileReference; lastKnownFileType = sourcecode.swift; path = Time.swift; sourceTree = "<group>"; };
		BC70CBE927DF4C5F0003CEC4 /* HTTPModel.swift */ = {isa = PBXFileReference; lastKnownFileType = sourcecode.swift; path = HTTPModel.swift; sourceTree = "<group>"; };
		BC70CBF327DF71830003CEC4 /* MapView.swift */ = {isa = PBXFileReference; lastKnownFileType = sourcecode.swift; path = MapView.swift; sourceTree = "<group>"; };
		BC70CBF527DF71F10003CEC4 /* AvailabilityView.swift */ = {isa = PBXFileReference; lastKnownFileType = sourcecode.swift; path = AvailabilityView.swift; sourceTree = "<group>"; };
		BC70CBF727DF87780003CEC4 /* ListCollectionViewCell.swift */ = {isa = PBXFileReference; lastKnownFileType = sourcecode.swift; path = ListCollectionViewCell.swift; sourceTree = "<group>"; };
		BC70CBF927DF887D0003CEC4 /* SectionReusableView.swift */ = {isa = PBXFileReference; lastKnownFileType = sourcecode.swift; path = SectionReusableView.swift; sourceTree = "<group>"; };
		BCED481027E147380095C595 /* Dictionary + Ext.swift */ = {isa = PBXFileReference; lastKnownFileType = sourcecode.swift; path = "Dictionary + Ext.swift"; sourceTree = "<group>"; };
		BCED481227E148E30095C595 /* Strings.swift */ = {isa = PBXFileReference; lastKnownFileType = sourcecode.swift; path = Strings.swift; sourceTree = "<group>"; };
		D16CC7566D75C8D69C33F212 /* Pods-Task4.release.xcconfig */ = {isa = PBXFileReference; includeInIndex = 1; lastKnownFileType = text.xcconfig; name = "Pods-Task4.release.xcconfig"; path = "Target Support Files/Pods-Task4/Pods-Task4.release.xcconfig"; sourceTree = "<group>"; };
/* End PBXFileReference section */

/* Begin PBXFrameworksBuildPhase section */
		BC69EBB127C4FD07006D85DD /* Frameworks */ = {
			isa = PBXFrameworksBuildPhase;
			buildActionMask = 2147483647;
			files = (
				E18108920768AA2DDA77B8FD /* Pods_Task4.framework in Frameworks */,
			);
			runOnlyForDeploymentPostprocessing = 0;
		};
/* End PBXFrameworksBuildPhase section */

/* Begin PBXGroup section */
		458A7B5C9688074B2F4AB2A8 /* Pods */ = {
			isa = PBXGroup;
			children = (
				9CA093AA9384F4B4514F05B6 /* Pods-Task4.debug.xcconfig */,
				D16CC7566D75C8D69C33F212 /* Pods-Task4.release.xcconfig */,
			);
			path = Pods;
			sourceTree = "<group>";
		};
		6A538E2D9DF93B3058171837 /* Frameworks */ = {
			isa = PBXGroup;
			children = (
				65E19019E5D0DB8FB342C934 /* Pods_Task4.framework */,
			);
			name = Frameworks;
			sourceTree = "<group>";
		};
		BC69EBAB27C4FD06006D85DD = {
			isa = PBXGroup;
			children = (
				BC69EBB627C4FD07006D85DD /* Task4 */,
				BC69EBB527C4FD07006D85DD /* Products */,
				458A7B5C9688074B2F4AB2A8 /* Pods */,
				6A538E2D9DF93B3058171837 /* Frameworks */,
			);
			sourceTree = "<group>";
		};
		BC69EBB527C4FD07006D85DD /* Products */ = {
			isa = PBXGroup;
			children = (
				BC69EBB427C4FD07006D85DD /* Task4.app */,
			);
			name = Products;
			sourceTree = "<group>";
		};
		BC69EBB627C4FD07006D85DD /* Task4 */ = {
			isa = PBXGroup;
			children = (
				BC70CBDC27DF3C370003CEC4 /* Cells */,
				BC70CBF227DF71470003CEC4 /* Views */,
				BC70CBDB27DF3BF60003CEC4 /* Controllers */,
				BC70CBDA27DF3BEB0003CEC4 /* Models */,
				BC70CBD727DF3AEA0003CEC4 /* SupportFiles */,
				BC69EBC527C4FD09006D85DD /* Info.plist */,
			);
			path = Task4;
			sourceTree = "<group>";
		};
		BC70CBD727DF3AEA0003CEC4 /* SupportFiles */ = {
			isa = PBXGroup;
			children = (
				BCED480F27E1470C0095C595 /* Constans */,
				BCED480E27E146FF0095C595 /* Extensions */,
				BC69EBB727C4FD07006D85DD /* AppDelegate.swift */,
				BC69EBB927C4FD07006D85DD /* SceneDelegate.swift */,
				BC69EBC027C4FD09006D85DD /* Assets.xcassets */,
				BC69EBC227C4FD09006D85DD /* LaunchScreen.storyboard */,
			);
			path = SupportFiles;
			sourceTree = "<group>";
		};
		BC70CBDA27DF3BEB0003CEC4 /* Models */ = {
			isa = PBXGroup;
			children = (
				BC70CBE027DF45080003CEC4 /* ATM */,
				BC70CBDD27DF44490003CEC4 /* API */,
			);
			path = Models;
			sourceTree = "<group>";
		};
		BC70CBDB27DF3BF60003CEC4 /* Controllers */ = {
			isa = PBXGroup;
			children = (
				BC69EBBB27C4FD07006D85DD /* MainViewController.swift */,
				BC5F4AA727CBBD5400E82425 /* MapViewController.swift */,
				BC5F4AAB27CBC72F00E82425 /* ListViewController.swift */,
			);
			path = Controllers;
			sourceTree = "<group>";
		};
		BC70CBDC27DF3C370003CEC4 /* Cells */ = {
			isa = PBXGroup;
			children = (
				BC70CBF727DF87780003CEC4 /* ListCollectionViewCell.swift */,
			);
			path = Cells;
			sourceTree = "<group>";
		};
		BC70CBDD27DF44490003CEC4 /* API */ = {
			isa = PBXGroup;
			children = (
				BC5F4AA927CBBD8200E82425 /* NetworkManager.swift */,
				BC70CBE927DF4C5F0003CEC4 /* HTTPModel.swift */,
			);
			path = API;
			sourceTree = "<group>";
		};
		BC70CBE027DF45080003CEC4 /* ATM */ = {
			isa = PBXGroup;
			children = (
				BC70CBDE27DF44CB0003CEC4 /* ATMModel.swift */,
				BC70CBE327DF455C0003CEC4 /* Address.swift */,
				BC70CBE727DF46480003CEC4 /* Time.swift */,
				BC70CBE127DF45480003CEC4 /* Service.swift */,
				BC70CBE527DF46160003CEC4 /* Map.swift */,
			);
			path = ATM;
			sourceTree = "<group>";
		};
		BC70CBF227DF71470003CEC4 /* Views */ = {
			isa = PBXGroup;
			children = (
				BC70CBF327DF71830003CEC4 /* MapView.swift */,
				BC70CBF527DF71F10003CEC4 /* AvailabilityView.swift */,
				BC70CBF927DF887D0003CEC4 /* SectionReusableView.swift */,
			);
			path = Views;
			sourceTree = "<group>";
		};
		BCED480E27E146FF0095C595 /* Extensions */ = {
			isa = PBXGroup;
			children = (
				BC5F4AAD27CBCE1200E82425 /* UIViewController + Ext.swift */,
				BCED481027E147380095C595 /* Dictionary + Ext.swift */,
			);
			path = Extensions;
			sourceTree = "<group>";
		};
		BCED480F27E1470C0095C595 /* Constans */ = {
			isa = PBXGroup;
			children = (
				BC70CBD827DF3B110003CEC4 /* Constants.swift */,
				BCED481227E148E30095C595 /* Strings.swift */,
			);
			path = Constans;
			sourceTree = "<group>";
		};
/* End PBXGroup section */

/* Begin PBXNativeTarget section */
		BC69EBB327C4FD07006D85DD /* Task4 */ = {
			isa = PBXNativeTarget;
			buildConfigurationList = BC69EBC827C4FD09006D85DD /* Build configuration list for PBXNativeTarget "Task4" */;
			buildPhases = (
				65540D136A8C94F142683AD8 /* [CP] Check Pods Manifest.lock */,
				BC69EBB027C4FD07006D85DD /* Sources */,
				BC69EBB127C4FD07006D85DD /* Frameworks */,
				BC69EBB227C4FD07006D85DD /* Resources */,
				BC69EBCB27C4FD57006D85DD /* ShellScript */,
				5537C51634DB52C3D22C82C3 /* [CP] Embed Pods Frameworks */,
			);
			buildRules = (
			);
			dependencies = (
			);
			name = Task4;
			productName = Task4;
			productReference = BC69EBB427C4FD07006D85DD /* Task4.app */;
			productType = "com.apple.product-type.application";
		};
/* End PBXNativeTarget section */

/* Begin PBXProject section */
		BC69EBAC27C4FD06006D85DD /* Project object */ = {
			isa = PBXProject;
			attributes = {
				BuildIndependentTargetsInParallel = 1;
				LastSwiftUpdateCheck = 1320;
				LastUpgradeCheck = 1320;
				TargetAttributes = {
					BC69EBB327C4FD07006D85DD = {
						CreatedOnToolsVersion = 13.2.1;
					};
				};
			};
			buildConfigurationList = BC69EBAF27C4FD06006D85DD /* Build configuration list for PBXProject "Task4" */;
			compatibilityVersion = "Xcode 13.0";
			developmentRegion = en;
			hasScannedForEncodings = 0;
			knownRegions = (
				en,
				Base,
			);
			mainGroup = BC69EBAB27C4FD06006D85DD;
			productRefGroup = BC69EBB527C4FD07006D85DD /* Products */;
			projectDirPath = "";
			projectRoot = "";
			targets = (
				BC69EBB327C4FD07006D85DD /* Task4 */,
			);
		};
/* End PBXProject section */

/* Begin PBXResourcesBuildPhase section */
		BC69EBB227C4FD07006D85DD /* Resources */ = {
			isa = PBXResourcesBuildPhase;
			buildActionMask = 2147483647;
			files = (
				BC69EBC427C4FD09006D85DD /* LaunchScreen.storyboard in Resources */,
				BC69EBC127C4FD09006D85DD /* Assets.xcassets in Resources */,
			);
			runOnlyForDeploymentPostprocessing = 0;
		};
/* End PBXResourcesBuildPhase section */

/* Begin PBXShellScriptBuildPhase section */
		5537C51634DB52C3D22C82C3 /* [CP] Embed Pods Frameworks */ = {
			isa = PBXShellScriptBuildPhase;
			buildActionMask = 2147483647;
			files = (
			);
			inputFileListPaths = (
				"${PODS_ROOT}/Target Support Files/Pods-Task4/Pods-Task4-frameworks-${CONFIGURATION}-input-files.xcfilelist",
			);
			name = "[CP] Embed Pods Frameworks";
			outputFileListPaths = (
				"${PODS_ROOT}/Target Support Files/Pods-Task4/Pods-Task4-frameworks-${CONFIGURATION}-output-files.xcfilelist",
			);
			runOnlyForDeploymentPostprocessing = 0;
			shellPath = /bin/sh;
			shellScript = "\"${PODS_ROOT}/Target Support Files/Pods-Task4/Pods-Task4-frameworks.sh\"\n";
			showEnvVarsInLog = 0;
		};
		65540D136A8C94F142683AD8 /* [CP] Check Pods Manifest.lock */ = {
			isa = PBXShellScriptBuildPhase;
			buildActionMask = 2147483647;
			files = (
			);
			inputFileListPaths = (
			);
			inputPaths = (
				"${PODS_PODFILE_DIR_PATH}/Podfile.lock",
				"${PODS_ROOT}/Manifest.lock",
			);
			name = "[CP] Check Pods Manifest.lock";
			outputFileListPaths = (
			);
			outputPaths = (
				"$(DERIVED_FILE_DIR)/Pods-Task4-checkManifestLockResult.txt",
			);
			runOnlyForDeploymentPostprocessing = 0;
			shellPath = /bin/sh;
			shellScript = "diff \"${PODS_PODFILE_DIR_PATH}/Podfile.lock\" \"${PODS_ROOT}/Manifest.lock\" > /dev/null\nif [ $? != 0 ] ; then\n    # print error to STDERR\n    echo \"error: The sandbox is not in sync with the Podfile.lock. Run 'pod install' or update your CocoaPods installation.\" >&2\n    exit 1\nfi\n# This output is used by Xcode 'outputs' to avoid re-running this script phase.\necho \"SUCCESS\" > \"${SCRIPT_OUTPUT_FILE_0}\"\n";
			showEnvVarsInLog = 0;
		};
		BC69EBCB27C4FD57006D85DD /* ShellScript */ = {
			isa = PBXShellScriptBuildPhase;
			buildActionMask = 2147483647;
			files = (
			);
			inputFileListPaths = (
			);
			inputPaths = (
			);
			outputFileListPaths = (
			);
			outputPaths = (
			);
			runOnlyForDeploymentPostprocessing = 0;
			shellPath = /bin/sh;
			shellScript = "
";
		};
/* End PBXShellScriptBuildPhase section */

/* Begin PBXSourcesBuildPhase section */
		BC69EBB027C4FD07006D85DD /* Sources */ = {
			isa = PBXSourcesBuildPhase;
			buildActionMask = 2147483647;
			files = (
				BC69EBBC27C4FD07006D85DD /* MainViewController.swift in Sources */,
				BC70CBFA27DF887D0003CEC4 /* SectionReusableView.swift in Sources */,
				BCED481327E148E30095C595 /* Strings.swift in Sources */,
				BC69EBB827C4FD07006D85DD /* AppDelegate.swift in Sources */,
				BC5F4AAE27CBCE1200E82425 /* UIViewController + Ext.swift in Sources */,
				BC5F4AAC27CBC72F00E82425 /* ListViewController.swift in Sources */,
				BCED481127E147380095C595 /* Dictionary + Ext.swift in Sources */,
				BC69EBBA27C4FD07006D85DD /* SceneDelegate.swift in Sources */,
				BC70CBEA27DF4C5F0003CEC4 /* HTTPModel.swift in Sources */,
				BC70CBDF27DF44CB0003CEC4 /* ATMModel.swift in Sources */,
				BC70CBF627DF71F10003CEC4 /* AvailabilityView.swift in Sources */,
				BC70CBF427DF71830003CEC4 /* MapView.swift in Sources */,
				BC70CBE827DF46480003CEC4 /* Time.swift in Sources */,
				BC5F4AAA27CBBD8200E82425 /* NetworkManager.swift in Sources */,
				BC70CBE227DF45480003CEC4 /* Service.swift in Sources */,
				BC70CBF827DF87780003CEC4 /* ListCollectionViewCell.swift in Sources */,
				BC5F4AA827CBBD5400E82425 /* MapViewController.swift in Sources */,
				BC70CBE427DF455C0003CEC4 /* Address.swift in Sources */,
				BC70CBE627DF46160003CEC4 /* Map.swift in Sources */,
				BC70CBD927DF3B110003CEC4 /* Constants.swift in Sources */,
			);
			runOnlyForDeploymentPostprocessing = 0;
		};
/* End PBXSourcesBuildPhase section */

/* Begin PBXVariantGroup section */
		BC69EBC227C4FD09006D85DD /* LaunchScreen.storyboard */ = {
			isa = PBXVariantGroup;
			children = (
				BC69EBC327C4FD09006D85DD /* Base */,
			);
			name = LaunchScreen.storyboard;
			sourceTree = "<group>";
		};
/* End PBXVariantGroup section */

/* Begin XCBuildConfiguration section */
		BC69EBC627C4FD09006D85DD /* Debug */ = {
			isa = XCBuildConfiguration;
			buildSettings = {
				ALWAYS_SEARCH_USER_PATHS = NO;
				CLANG_ANALYZER_NONNULL = YES;
				CLANG_ANALYZER_NUMBER_OBJECT_CONVERSION = YES_AGGRESSIVE;
				CLANG_CXX_LANGUAGE_STANDARD = "gnu++17";
				CLANG_CXX_LIBRARY = "libc++";
				CLANG_ENABLE_MODULES = YES;
				CLANG_ENABLE_OBJC_ARC = YES;
				CLANG_ENABLE_OBJC_WEAK = YES;
				CLANG_WARN_BLOCK_CAPTURE_AUTORELEASING = YES;
				CLANG_WARN_BOOL_CONVERSION = YES;
				CLANG_WARN_COMMA = YES;
				CLANG_WARN_CONSTANT_CONVERSION = YES;
				CLANG_WARN_DEPRECATED_OBJC_IMPLEMENTATIONS = YES;
				CLANG_WARN_DIRECT_OBJC_ISA_USAGE = YES_ERROR;
				CLANG_WARN_DOCUMENTATION_COMMENTS = YES;
				CLANG_WARN_EMPTY_BODY = YES;
				CLANG_WARN_ENUM_CONVERSION = YES;
				CLANG_WARN_INFINITE_RECURSION = YES;
				CLANG_WARN_INT_CONVERSION = YES;
				CLANG_WARN_NON_LITERAL_NULL_CONVERSION = YES;
				CLANG_WARN_OBJC_IMPLICIT_RETAIN_SELF = YES;
				CLANG_WARN_OBJC_LITERAL_CONVERSION = YES;
				CLANG_WARN_OBJC_ROOT_CLASS = YES_ERROR;
				CLANG_WARN_QUOTED_INCLUDE_IN_FRAMEWORK_HEADER = YES;
				CLANG_WARN_RANGE_LOOP_ANALYSIS = YES;
				CLANG_WARN_STRICT_PROTOTYPES = YES;
				CLANG_WARN_SUSPICIOUS_MOVE = YES;
				CLANG_WARN_UNGUARDED_AVAILABILITY = YES_AGGRESSIVE;
				CLANG_WARN_UNREACHABLE_CODE = YES;
				CLANG_WARN__DUPLICATE_METHOD_MATCH = YES;
				COPY_PHASE_STRIP = NO;
				DEBUG_INFORMATION_FORMAT = dwarf;
				ENABLE_STRICT_OBJC_MSGSEND = YES;
				ENABLE_TESTABILITY = YES;
				GCC_C_LANGUAGE_STANDARD = gnu11;
				GCC_DYNAMIC_NO_PIC = NO;
				GCC_NO_COMMON_BLOCKS = YES;
				GCC_OPTIMIZATION_LEVEL = 0;
				GCC_PREPROCESSOR_DEFINITIONS = (
					"DEBUG=1",
					"$(inherited)",
				);
				GCC_WARN_64_TO_32_BIT_CONVERSION = YES;
				GCC_WARN_ABOUT_RETURN_TYPE = YES_ERROR;
				GCC_WARN_UNDECLARED_SELECTOR = YES;
				GCC_WARN_UNINITIALIZED_AUTOS = YES_AGGRESSIVE;
				GCC_WARN_UNUSED_FUNCTION = YES;
				GCC_WARN_UNUSED_VARIABLE = YES;
				IPHONEOS_DEPLOYMENT_TARGET = 15.2;
				MTL_ENABLE_DEBUG_INFO = INCLUDE_SOURCE;
				MTL_FAST_MATH = YES;
				ONLY_ACTIVE_ARCH = YES;
				SDKROOT = iphoneos;
				SWIFT_ACTIVE_COMPILATION_CONDITIONS = DEBUG;
				SWIFT_OPTIMIZATION_LEVEL = "-Onone";
			};
			name = Debug;
		};
		BC69EBC727C4FD09006D85DD /* Release */ = {
			isa = XCBuildConfiguration;
			buildSettings = {
				ALWAYS_SEARCH_USER_PATHS = NO;
				CLANG_ANALYZER_NONNULL = YES;
				CLANG_ANALYZER_NUMBER_OBJECT_CONVERSION = YES_AGGRESSIVE;
				CLANG_CXX_LANGUAGE_STANDARD = "gnu++17";
				CLANG_CXX_LIBRARY = "libc++";
				CLANG_ENABLE_MODULES = YES;
				CLANG_ENABLE_OBJC_ARC = YES;
				CLANG_ENABLE_OBJC_WEAK = YES;
				CLANG_WARN_BLOCK_CAPTURE_AUTORELEASING = YES;
				CLANG_WARN_BOOL_CONVERSION = YES;
				CLANG_WARN_COMMA = YES;
				CLANG_WARN_CONSTANT_CONVERSION = YES;
				CLANG_WARN_DEPRECATED_OBJC_IMPLEMENTATIONS = YES;
				CLANG_WARN_DIRECT_OBJC_ISA_USAGE = YES_ERROR;
				CLANG_WARN_DOCUMENTATION_COMMENTS = YES;
				CLANG_WARN_EMPTY_BODY = YES;
				CLANG_WARN_ENUM_CONVERSION = YES;
				CLANG_WARN_INFINITE_RECURSION = YES;
				CLANG_WARN_INT_CONVERSION = YES;
				CLANG_WARN_NON_LITERAL_NULL_CONVERSION = YES;
				CLANG_WARN_OBJC_IMPLICIT_RETAIN_SELF = YES;
				CLANG_WARN_OBJC_LITERAL_CONVERSION = YES;
				CLANG_WARN_OBJC_ROOT_CLASS = YES_ERROR;
				CLANG_WARN_QUOTED_INCLUDE_IN_FRAMEWORK_HEADER = YES;
				CLANG_WARN_RANGE_LOOP_ANALYSIS = YES;
				CLANG_WARN_STRICT_PROTOTYPES = YES;
				CLANG_WARN_SUSPICIOUS_MOVE = YES;
				CLANG_WARN_UNGUARDED_AVAILABILITY = YES_AGGRESSIVE;
				CLANG_WARN_UNREACHABLE_CODE = YES;
				CLANG_WARN__DUPLICATE_METHOD_MATCH = YES;
				COPY_PHASE_STRIP = NO;
				DEBUG_INFORMATION_FORMAT = "dwarf-with-dsym";
				ENABLE_NS_ASSERTIONS = NO;
				ENABLE_STRICT_OBJC_MSGSEND = YES;
				GCC_C_LANGUAGE_STANDARD = gnu11;
				GCC_NO_COMMON_BLOCKS = YES;
				GCC_WARN_64_TO_32_BIT_CONVERSION = YES;
				GCC_WARN_ABOUT_RETURN_TYPE = YES_ERROR;
				GCC_WARN_UNDECLARED_SELECTOR = YES;
				GCC_WARN_UNINITIALIZED_AUTOS = YES_AGGRESSIVE;
				GCC_WARN_UNUSED_FUNCTION = YES;
				GCC_WARN_UNUSED_VARIABLE = YES;
				IPHONEOS_DEPLOYMENT_TARGET = 15.2;
				MTL_ENABLE_DEBUG_INFO = NO;
				MTL_FAST_MATH = YES;
				SDKROOT = iphoneos;
				SWIFT_COMPILATION_MODE = wholemodule;
				SWIFT_OPTIMIZATION_LEVEL = "-O";
				VALIDATE_PRODUCT = YES;
			};
			name = Release;
		};
		BC69EBC927C4FD09006D85DD /* Debug */ = {
			isa = XCBuildConfiguration;
			baseConfigurationReference = 9CA093AA9384F4B4514F05B6 /* Pods-Task4.debug.xcconfig */;
			buildSettings = {
				ASSETCATALOG_COMPILER_APPICON_NAME = AppIcon;
				ASSETCATALOG_COMPILER_GLOBAL_ACCENT_COLOR_NAME = AccentColor;
				CODE_SIGN_STYLE = Automatic;
				CURRENT_PROJECT_VERSION = 1;
				DEVELOPMENT_TEAM = 66MJ3YNVA6;
				GENERATE_INFOPLIST_FILE = YES;
				INFOPLIST_FILE = Task4/Info.plist;
				INFOPLIST_KEY_UIApplicationSupportsIndirectInputEvents = YES;
				INFOPLIST_KEY_UILaunchStoryboardName = LaunchScreen;
				INFOPLIST_KEY_UISupportedInterfaceOrientations = "UIInterfaceOrientationPortrait UIInterfaceOrientationLandscapeLeft UIInterfaceOrientationLandscapeRight";
				INFOPLIST_KEY_UISupportedInterfaceOrientations_iPad = "UIInterfaceOrientationPortrait UIInterfaceOrientationPortraitUpsideDown UIInterfaceOrientationLandscapeLeft UIInterfaceOrientationLandscapeRight";
				INFOPLIST_KEY_UISupportedInterfaceOrientations_iPhone = "UIInterfaceOrientationPortrait UIInterfaceOrientationLandscapeLeft UIInterfaceOrientationLandscapeRight";
				LD_RUNPATH_SEARCH_PATHS = (
					"$(inherited)",
					"@executable_path/Frameworks",
				);
				MARKETING_VERSION = 1.0;
				PRODUCT_BUNDLE_IDENTIFIER = clevertec.tsvetkov.Task4;
				PRODUCT_NAME = "$(TARGET_NAME)";
				SWIFT_EMIT_LOC_STRINGS = YES;
				SWIFT_VERSION = 5.0;
				TARGETED_DEVICE_FAMILY = "1,2";
			};
			name = Debug;
		};
		BC69EBCA27C4FD09006D85DD /* Release */ = {
			isa = XCBuildConfiguration;
			baseConfigurationReference = D16CC7566D75C8D69C33F212 /* Pods-Task4.release.xcconfig */;
			buildSettings = {
				ASSETCATALOG_COMPILER_APPICON_NAME = AppIcon;
				ASSETCATALOG_COMPILER_GLOBAL_ACCENT_COLOR_NAME = AccentColor;
				CODE_SIGN_STYLE = Automatic;
				CURRENT_PROJECT_VERSION = 1;
				DEVELOPMENT_TEAM = 66MJ3YNVA6;
				GENERATE_INFOPLIST_FILE = YES;
				INFOPLIST_FILE = Task4/Info.plist;
				INFOPLIST_KEY_UIApplicationSupportsIndirectInputEvents = YES;
				INFOPLIST_KEY_UILaunchStoryboardName = LaunchScreen;
				INFOPLIST_KEY_UISupportedInterfaceOrientations = "UIInterfaceOrientationPortrait UIInterfaceOrientationLandscapeLeft UIInterfaceOrientationLandscapeRight";
				INFOPLIST_KEY_UISupportedInterfaceOrientations_iPad = "UIInterfaceOrientationPortrait UIInterfaceOrientationPortraitUpsideDown UIInterfaceOrientationLandscapeLeft UIInterfaceOrientationLandscapeRight";
				INFOPLIST_KEY_UISupportedInterfaceOrientations_iPhone = "UIInterfaceOrientationPortrait UIInterfaceOrientationLandscapeLeft UIInterfaceOrientationLandscapeRight";
				LD_RUNPATH_SEARCH_PATHS = (
					"$(inherited)",
					"@executable_path/Frameworks",
				);
				MARKETING_VERSION = 1.0;
				PRODUCT_BUNDLE_IDENTIFIER = clevertec.tsvetkov.Task4;
				PRODUCT_NAME = "$(TARGET_NAME)";
				SWIFT_EMIT_LOC_STRINGS = YES;
				SWIFT_VERSION = 5.0;
				TARGETED_DEVICE_FAMILY = "1,2";
			};
			name = Release;
		};
/* End XCBuildConfiguration section */

/* Begin XCConfigurationList section */
		BC69EBAF27C4FD06006D85DD /* Build configuration list for PBXProject "Task4" */ = {
			isa = XCConfigurationList;
			buildConfigurations = (
				BC69EBC627C4FD09006D85DD /* Debug */,
				BC69EBC727C4FD09006D85DD /* Release */,
			);
			defaultConfigurationIsVisible = 0;
			defaultConfigurationName = Release;
		};
		BC69EBC827C4FD09006D85DD /* Build configuration list for PBXNativeTarget "Task4" */ = {
			isa = XCConfigurationList;
			buildConfigurations = (
				BC69EBC927C4FD09006D85DD /* Debug */,
				BC69EBCA27C4FD09006D85DD /* Release */,
			);
			defaultConfigurationIsVisible = 0;
			defaultConfigurationName = Release;
		};
/* End XCConfigurationList section */
	};
	rootObject = BC69EBAC27C4FD06006D85DD /* Project object */;
}
